# THIS IS AN AUTOGENERATED FILE. DO NOT EDIT THIS FILE DIRECTLY.
# yarn lockfile v1


"@fortawesome/fontawesome-free@^6.2.0":
  version "6.2.0"
  resolved "https://registry.yarnpkg.com/@fortawesome/fontawesome-free/-/fontawesome-free-6.2.0.tgz#ba3510825b332816fe7190f28827f8cb33a298b5"
  integrity sha512-CNR7qRIfCwWHNN7FnKUniva94edPdyQzil/zCwk3v6k4R6rR2Fr8i4s3PM7n/lyfPA6Zfko9z5WDzFxG9SW1uQ==

arctic_admin@^4.0.2:
  version "4.0.2"
  resolved "https://registry.yarnpkg.com/arctic_admin/-/arctic_admin-4.0.2.tgz#b52bdf66395ff1a757d9c71e590f0728e92cbdd3"
  integrity sha512-q5sV0CQEI3HC5iw3wmaiwK8ysA5V68QFPPeVQdzxITyWRiyWVdSiWeHb2AvCVPyxUkWVn99AsxFYSQJcgEo8nQ==

use-async-effect@^2.2.7:
  version "2.2.7"
  resolved "https://registry.yarnpkg.com/use-async-effect/-/use-async-effect-2.2.7.tgz#5812f875a8d7996c396fb49798d0377e90575989"
  integrity sha512-Vq94tKPyo/9Nok4LOapV0GoGgZPhbeDW/bP6bulLPV4+lIoftaBRBBbGjTbM+j5W1Bm2EkUHJgapeu5YnQvKEA==
